PODS:
  - Flutter (1.0.0)
  - payjoin_flutter (0.0.1)

DEPENDENCIES:
  - Flutter (from `Flutter`)
  - payjoin_flutter (from `.symlinks/plugins/payjoin_flutter/ios`)

EXTERNAL SOURCES:
  Flutter:
    :path: Flutter
  payjoin_flutter:
    :path: ".symlinks/plugins/payjoin_flutter/ios"

SPEC CHECKSUMS:
  Flutter: e0871f40cf51350855a761d2e70bf5af5b9b5de7
  payjoin_flutter: 9011d8ef87f28bd66bcf80a21fdef14951b8a2aa

PODFILE CHECKSUM: a57f30d18f102dd3ce366b1d62a55ecbef2158e5

COCOAPODS: 1.14.3
